
Microsoft Visual Studio Solution File, Format Version 12.00
Project("{FAE04EC0-301F-11D3-BF4B-00C04F79EFBC}") = "AssemblyBrowser", "AssemblyBrowser\AssemblyBrowser.csproj", "{69D6349A-2622-4E10-93C4-986F4F72955F}"
EndProject
Project("{FAE04EC0-301F-11D3-BF4B-00C04F79EFBC}") = "WpfApp", "WpfApp\WpfApp.csproj", "{942B36FA-A146-44F9-ADF0-2AAD9940AD87}"
EndProject
Project("{FAE04EC0-301F-11D3-BF4B-00C04F79EFBC}") = "UnitTests", "UnitTests\UnitTests.csproj", "{68838E93-2329-4893-A6E4-6B9494087E29}"
EndProject
Project("{FAE04EC0-301F-11D3-BF4B-00C04F79EFBC}") = "TestClass", "TestClass\TestClass.csproj", "{A096A85C-789D-413D-A39F-8720205CEC45}"
EndProject
Global
	GlobalSection(SolutionConfigurationPlatforms) = preSolution
		Debug|Any CPU = Debug|Any CPU
		Release|Any CPU = Release|Any CPU
	EndGlobalSection
	GlobalSection(ProjectConfigurationPlatforms) = postSolution
		{69D6349A-2622-4E10-93C4-986F4F72955F}.Debug|Any CPU.ActiveCfg = Debug|Any CPU
		{69D6349A-2622-4E10-93C4-986F4F72955F}.Debug|Any CPU.Build.0 = Debug|Any CPU
		{69D6349A-2622-4E10-93C4-986F4F72955F}.Release|Any CPU.ActiveCfg = Release|Any CPU
		{69D6349A-2622-4E10-93C4-986F4F72955F}.Release|Any CPU.Build.0 = Release|Any CPU
		{942B36FA-A146-44F9-ADF0-2AAD9940AD87}.Debug|Any CPU.ActiveCfg = Debug|Any CPU
		{942B36FA-A146-44F9-ADF0-2AAD9940AD87}.Debug|Any CPU.Build.0 = Debug|Any CPU
		{942B36FA-A146-44F9-ADF0-2AAD9940AD87}.Release|Any CPU.ActiveCfg = Release|Any CPU
		{942B36FA-A146-44F9-ADF0-2AAD9940AD87}.Release|Any CPU.Build.0 = Release|Any CPU
		{68838E93-2329-4893-A6E4-6B9494087E29}.Debug|Any CPU.ActiveCfg = Debug|Any CPU
		{68838E93-2329-4893-A6E4-6B9494087E29}.Debug|Any CPU.Build.0 = Debug|Any CPU
		{68838E93-2329-4893-A6E4-6B9494087E29}.Release|Any CPU.ActiveCfg = Release|Any CPU
		{68838E93-2329-4893-A6E4-6B9494087E29}.Release|Any CPU.Build.0 = Release|Any CPU
		{A096A85C-789D-413D-A39F-8720205CEC45}.Debug|Any CPU.ActiveCfg = Debug|Any CPU
		{A096A85C-789D-413D-A39F-8720205CEC45}.Debug|Any CPU.Build.0 = Debug|Any CPU
		{A096A85C-789D-413D-A39F-8720205CEC45}.Release|Any CPU.ActiveCfg = Release|Any CPU
		{A096A85C-789D-413D-A39F-8720205CEC45}.Release|Any CPU.Build.0 = Release|Any CPU
	EndGlobalSection
EndGlobal
